
Microsoft Visual Studio Solution File, Format Version 12.00
# Visual Studio Version 16
VisualStudioVersion = 16.0.30907.101
MinimumVisualStudioVersion = 10.0.40219.1
Project("{FAE04EC0-301F-11D3-BF4B-00C04F79EFBC}") = "Itvitae_repair", "Itvitae_repair\Itvitae_repair.csproj", "{89071086-DBCC-4059-B5F8-DF8EA6DC4713}"
EndProject
Global
	GlobalSection(SolutionConfigurationPlatforms) = preSolution
		Debug|Any CPU = Debug|Any CPU
		Release|Any CPU = Release|Any CPU
	EndGlobalSection
	GlobalSection(ProjectConfigurationPlatforms) = postSolution
		{89071086-DBCC-4059-B5F8-DF8EA6DC4713}.Debug|Any CPU.ActiveCfg = Debug|Any CPU
		{89071086-DBCC-4059-B5F8-DF8EA6DC4713}.Debug|Any CPU.Build.0 = Debug|Any CPU
		{89071086-DBCC-4059-B5F8-DF8EA6DC4713}.Release|Any CPU.ActiveCfg = Release|Any CPU
		{89071086-DBCC-4059-B5F8-DF8EA6DC4713}.Release|Any CPU.Build.0 = Release|Any CPU
	EndGlobalSection
	GlobalSection(SolutionProperties) = preSolution
		HideSolutionNode = FALSE
	EndGlobalSection
	GlobalSection(ExtensibilityGlobals) = postSolution
		SolutionGuid = {E4D125A1-B420-4F0B-B792-7AD41BC830AC}
	EndGlobalSection
EndGlobal
